
Microsoft Visual Studio Solution File, Format Version 12.00
# Visual Studio Version 16
VisualStudioVersion = 16.0.30517.126
MinimumVisualStudioVersion = 10.0.40219.1
Project("{8BC9CEB8-8B4A-11D0-8D11-00A0C91BC942}") = "Project2", "Project2\Project2.vcxproj", "{BBE8BD38-C49A-46C3-8B6C-B8CCF17B80BD}"
EndProject
Global
	GlobalSection(SolutionConfigurationPlatforms) = preSolution
		Debug|x64 = Debug|x64
		Debug|x86 = Debug|x86
		Release|x64 = Release|x64
		Release|x86 = Release|x86
	EndGlobalSection
	GlobalSection(ProjectConfigurationPlatforms) = postSolution
		{BBE8BD38-C49A-46C3-8B6C-B8CCF17B80BD}.Debug|x64.ActiveCfg = Debug|x64
		{BBE8BD38-C49A-46C3-8B6C-B8CCF17B80BD}.Debug|x64.Build.0 = Debug|x64
		{BBE8BD38-C49A-46C3-8B6C-B8CCF17B80BD}.Debug|x86.ActiveCfg = Debug|Win32
		{BBE8BD38-C49A-46C3-8B6C-B8CCF17B80BD}.Debug|x86.Build.0 = Debug|Win32
		{BBE8BD38-C49A-46C3-8B6C-B8CCF17B80BD}.Release|x64.ActiveCfg = Release|x64
		{BBE8BD38-C49A-46C3-8B6C-B8CCF17B80BD}.Release|x64.Build.0 = Release|x64
		{BBE8BD38-C49A-46C3-8B6C-B8CCF17B80BD}.Release|x86.ActiveCfg = Release|Win32
		{BBE8BD38-C49A-46C3-8B6C-B8CCF17B80BD}.Release|x86.Build.0 = Release|Win32
	EndGlobalSection
	GlobalSection(SolutionProperties) = preSolution
		HideSolutionNode = FALSE
	EndGlobalSection
	GlobalSection(ExtensibilityGlobals) = postSolution
		SolutionGuid = {069AAB69-437C-4636-B307-1A9E6D99FB00}
	EndGlobalSection
EndGlobal
